
Microsoft Visual Studio Solution File, Format Version 12.00
# Visual Studio Version 17
VisualStudioVersion = 17.3.32929.385
MinimumVisualStudioVersion = 10.0.40219.1
Project("{FAE04EC0-301F-11D3-BF4B-00C04F79EFBC}") = "lr1_vtvv", "lr1_vtvv.csproj", "{F1F02230-6C33-4E22-A386-B2DFBC0CEC2F}"
EndProject
Global
	GlobalSection(SolutionConfigurationPlatforms) = preSolution
		Debug|Any CPU = Debug|Any CPU
		Release|Any CPU = Release|Any CPU
	EndGlobalSection
	GlobalSection(ProjectConfigurationPlatforms) = postSolution
		{F1F02230-6C33-4E22-A386-B2DFBC0CEC2F}.Debug|Any CPU.ActiveCfg = Debug|Any CPU
		{F1F02230-6C33-4E22-A386-B2DFBC0CEC2F}.Debug|Any CPU.Build.0 = Debug|Any CPU
		{F1F02230-6C33-4E22-A386-B2DFBC0CEC2F}.Release|Any CPU.ActiveCfg = Release|Any CPU
		{F1F02230-6C33-4E22-A386-B2DFBC0CEC2F}.Release|Any CPU.Build.0 = Release|Any CPU
	EndGlobalSection
	GlobalSection(SolutionProperties) = preSolution
		HideSolutionNode = FALSE
	EndGlobalSection
	GlobalSection(ExtensibilityGlobals) = postSolution
		SolutionGuid = {D44E412D-7F7A-4598-9C37-AC10D7A59F6D}
	EndGlobalSection
EndGlobal
